
Microsoft Visual Studio Solution File, Format Version 12.00
# Visual Studio Express 2012 for Windows Desktop
Project("{FAE04EC0-301F-11D3-BF4B-00C04F79EFBC}") = "insertdataq", "insertdataq\insertdataq.csproj", "{488A95B4-1A40-4745-ABC9-FA90763383A0}"
EndProject
Global
	GlobalSection(SolutionConfigurationPlatforms) = preSolution
		Debug|Any CPU = Debug|Any CPU
		Release|Any CPU = Release|Any CPU
	EndGlobalSection
	GlobalSection(ProjectConfigurationPlatforms) = postSolution
		{488A95B4-1A40-4745-ABC9-FA90763383A0}.Debug|Any CPU.ActiveCfg = Debug|Any CPU
		{488A95B4-1A40-4745-ABC9-FA90763383A0}.Debug|Any CPU.Build.0 = Debug|Any CPU
		{488A95B4-1A40-4745-ABC9-FA90763383A0}.Release|Any CPU.ActiveCfg = Release|Any CPU
		{488A95B4-1A40-4745-ABC9-FA90763383A0}.Release|Any CPU.Build.0 = Release|Any CPU
	EndGlobalSection
	GlobalSection(SolutionProperties) = preSolution
		HideSolutionNode = FALSE
	EndGlobalSection
EndGlobal
